// !$*UTF8*$!
{
	archiveVersion = 1;
	classes = {
	};
	objectVersion = 50;
	objects = {

/* Begin PBXBuildFile section */
		9A42874D252C6E6E003722F1 /* strings.mp3 in Resources */ = {isa = PBXBuildFile; fileRef = 9A42874C252C6E6E003722F1 /* strings.mp3 */; };
		9A65E489251DEF2F00891FD7 /* plane.mp4 in Resources */ = {isa = PBXBuildFile; fileRef = 9A65E485251DEEFA00891FD7 /* plane.mp4 */; };
		9ADC6973249CA40100BCE10E /* AppDelegate.swift in Sources */ = {isa = PBXBuildFile; fileRef = 9ADC6972249CA40100BCE10E /* AppDelegate.swift */; };
		9ADC6975249CA40100BCE10E /* SceneDelegate.swift in Sources */ = {isa = PBXBuildFile; fileRef = 9ADC6974249CA40100BCE10E /* SceneDelegate.swift */; };
		9ADC6977249CA40100BCE10E /* ContentView.swift in Sources */ = {isa = PBXBuildFile; fileRef = 9ADC6976249CA40100BCE10E /* ContentView.swift */; };
		9ADC6979249CA40400BCE10E /* Assets.xcassets in Resources */ = {isa = PBXBuildFile; fileRef = 9ADC6978249CA40400BCE10E /* Assets.xcassets */; };
		9ADC697C249CA40400BCE10E /* Preview Assets.xcassets in Resources */ = {isa = PBXBuildFile; fileRef = 9ADC697B249CA40400BCE10E /* Preview Assets.xcassets */; };
		9ADC697F249CA40400BCE10E /* LaunchScreen.storyboard in Resources */ = {isa = PBXBuildFile; fileRef = 9ADC697D249CA40400BCE10E /* LaunchScreen.storyboard */; };
		9ADC698A249CA40400BCE10E /* MoviePlayerTests.swift in Sources */ = {isa = PBXBuildFile; fileRef = 9ADC6989249CA40400BCE10E /* MoviePlayerTests.swift */; };
		9ADC6995249CA40400BCE10E /* MoviePlayerUITests.swift in Sources */ = {isa = PBXBuildFile; fileRef = 9ADC6994249CA40400BCE10E /* MoviePlayerUITests.swift */; };
		9ADC69A3249CA71600BCE10E /* PlayerView.swift in Sources */ = {isa = PBXBuildFile; fileRef = 9ADC69A2249CA71600BCE10E /* PlayerView.swift */; };
		9AF128F4250B70D200AE715A /* Utility.swift in Sources */ = {isa = PBXBuildFile; fileRef = 9AF128F3250B70D200AE715A /* Utility.swift */; };
/* End PBXBuildFile section */

/* Begin PBXContainerItemProxy section */
		9ADC6986249CA40400BCE10E /* PBXContainerItemProxy */ = {
			isa = PBXContainerItemProxy;
			containerPortal = 9ADC6967249CA40100BCE10E /* Project object */;
			proxyType = 1;
			remoteGlobalIDString = 9ADC696E249CA40100BCE10E;
			remoteInfo = MoviePlayer;
		};
		9ADC6991249CA40400BCE10E /* PBXContainerItemProxy */ = {
			isa = PBXContainerItemProxy;
			containerPortal = 9ADC6967249CA40100BCE10E /* Project object */;
			proxyType = 1;
			remoteGlobalIDString = 9ADC696E249CA40100BCE10E;
			remoteInfo = MoviePlayer;
		};
/* End PBXContainerItemProxy section */

/* Begin PBXFileReference section */
		9A42874C252C6E6E003722F1 /* strings.mp3 */ = {isa = PBXFileReference; lastKnownFileType = audio.mp3; path = strings.mp3; sourceTree = "<group>"; };
		9A65E485251DEEFA00891FD7 /* plane.mp4 */ = {isa = PBXFileReference; lastKnownFileType = file; path = plane.mp4; sourceTree = "<group>"; };
		9ADC696F249CA40100BCE10E /* MoviePlayer.app */ = {isa = PBXFileReference; explicitFileType = wrapper.application; includeInIndex = 0; path = MoviePlayer.app; sourceTree = BUILT_PRODUCTS_DIR; };
		9ADC6972249CA40100BCE10E /* AppDelegate.swift */ = {isa = PBXFileReference; lastKnownFileType = sourcecode.swift; path = AppDelegate.swift; sourceTree = "<group>"; };
		9ADC6974249CA40100BCE10E /* SceneDelegate.swift */ = {isa = PBXFileReference; lastKnownFileType = sourcecode.swift; path = SceneDelegate.swift; sourceTree = "<group>"; };
		9ADC6976249CA40100BCE10E /* ContentView.swift */ = {isa = PBXFileReference; lastKnownFileType = sourcecode.swift; path = ContentView.swift; sourceTree = "<group>"; };
		9ADC6978249CA40400BCE10E /* Assets.xcassets */ = {isa = PBXFileReference; lastKnownFileType = folder.assetcatalog; path = Assets.xcassets; sourceTree = "<group>"; };
		9ADC697B249CA40400BCE10E /* Preview Assets.xcassets */ = {isa = PBXFileReference; lastKnownFileType = folder.assetcatalog; path = "Preview Assets.xcassets"; sourceTree = "<group>"; };
		9ADC697E249CA40400BCE10E /* Base */ = {isa = PBXFileReference; lastKnownFileType = file.storyboard; name = Base; path = Base.lproj/LaunchScreen.storyboard; sourceTree = "<group>"; };
		9ADC6980249CA40400BCE10E /* Info.plist */ = {isa = PBXFileReference; lastKnownFileType = text.plist.xml; path = Info.plist; sourceTree = "<group>"; };
		9ADC6985249CA40400BCE10E /* MoviePlayerTests.xctest */ = {isa = PBXFileReference; explicitFileType = wrapper.cfbundle; includeInIndex = 0; path = MoviePlayerTests.xctest; sourceTree = BUILT_PRODUCTS_DIR; };
		9ADC6989249CA40400BCE10E /* MoviePlayerTests.swift */ = {isa = PBXFileReference; lastKnownFileType = sourcecode.swift; path = MoviePlayerTests.swift; sourceTree = "<group>"; };
		9ADC698B249CA40400BCE10E /* Info.plist */ = {isa = PBXFileReference; lastKnownFileType = text.plist.xml; path = Info.plist; sourceTree = "<group>"; };
		9ADC6990249CA40400BCE10E /* MoviePlayerUITests.xctest */ = {isa = PBXFileReference; explicitFileType = wrapper.cfbundle; includeInIndex = 0; path = MoviePlayerUITests.xctest; sourceTree = BUILT_PRODUCTS_DIR; };
		9ADC6994249CA40400BCE10E /* MoviePlayerUITests.swift */ = {isa = PBXFileReference; lastKnownFileType = sourcecode.swift; path = MoviePlayerUITests.swift; sourceTree = "<group>"; };
		9ADC6996249CA40400BCE10E /* Info.plist */ = {isa = PBXFileReference; lastKnownFileType = text.plist.xml; path = Info.plist; sourceTree = "<group>"; };
		9ADC69A2249CA71600BCE10E /* PlayerView.swift */ = {isa = PBXFileReference; lastKnownFileType = sourcecode.swift; path = PlayerView.swift; sourceTree = "<group>"; };
		9AF128F3250B70D200AE715A /* Utility.swift */ = {isa = PBXFileReference; lastKnownFileType = sourcecode.swift; path = Utility.swift; sourceTree = "<group>"; };
/* End PBXFileReference section */

/* Begin PBXFrameworksBuildPhase section */
		9ADC696C249CA40100BCE10E /* Frameworks */ = {
			isa = PBXFrameworksBuildPhase;
			buildActionMask = 2147483647;
			files = (
			);
			runOnlyForDeploymentPostprocessing = 0;
		};
		9ADC6982249CA40400BCE10E /* Frameworks */ = {
			isa = PBXFrameworksBuildPhase;
			buildActionMask = 2147483647;
			files = (
			);
			runOnlyForDeploymentPostprocessing = 0;
		};
		9ADC698D249CA40400BCE10E /* Frameworks */ = {
			isa = PBXFrameworksBuildPhase;
			buildActionMask = 2147483647;
			files = (
			);
			runOnlyForDeploymentPostprocessing = 0;
		};
/* End PBXFrameworksBuildPhase section */

/* Begin PBXGroup section */
		9ADC6966249CA40100BCE10E = {
			isa = PBXGroup;
			children = (
				9ADC6971249CA40100BCE10E /* MoviePlayer */,
				9ADC6988249CA40400BCE10E /* MoviePlayerTests */,
				9ADC6993249CA40400BCE10E /* MoviePlayerUITests */,
				9ADC6970249CA40100BCE10E /* Products */,
			);
			sourceTree = "<group>";
		};
		9ADC6970249CA40100BCE10E /* Products */ = {
			isa = PBXGroup;
			children = (
				9ADC696F249CA40100BCE10E /* MoviePlayer.app */,
				9ADC6985249CA40400BCE10E /* MoviePlayerTests.xctest */,
				9ADC6990249CA40400BCE10E /* MoviePlayerUITests.xctest */,
			);
			name = Products;
			sourceTree = "<group>";
		};
		9ADC6971249CA40100BCE10E /* MoviePlayer */ = {
			isa = PBXGroup;
			children = (
				9ADC6972249CA40100BCE10E /* AppDelegate.swift */,
				9ADC6974249CA40100BCE10E /* SceneDelegate.swift */,
				9ADC6976249CA40100BCE10E /* ContentView.swift */,
				9ADC6978249CA40400BCE10E /* Assets.xcassets */,
				9ADC697D249CA40400BCE10E /* LaunchScreen.storyboard */,
				9A65E485251DEEFA00891FD7 /* plane.mp4 */,
				9A42874C252C6E6E003722F1 /* strings.mp3 */,
				9ADC6980249CA40400BCE10E /* Info.plist */,
				9ADC697A249CA40400BCE10E /* Preview Content */,
				9ADC69A2249CA71600BCE10E /* PlayerView.swift */,
				9AF128F3250B70D200AE715A /* Utility.swift */,
			);
			path = MoviePlayer;
			sourceTree = "<group>";
		};
		9ADC697A249CA40400BCE10E /* Preview Content */ = {
			isa = PBXGroup;
			children = (
				9ADC697B249CA40400BCE10E /* Preview Assets.xcassets */,
			);
			path = "Preview Content";
			sourceTree = "<group>";
		};
		9ADC6988249CA40400BCE10E /* MoviePlayerTests */ = {
			isa = PBXGroup;
			children = (
				9ADC6989249CA40400BCE10E /* MoviePlayerTests.swift */,
				9ADC698B249CA40400BCE10E /* Info.plist */,
			);
			path = MoviePlayerTests;
			sourceTree = "<group>";
		};
		9ADC6993249CA40400BCE10E /* MoviePlayerUITests */ = {
			isa = PBXGroup;
			children = (
				9ADC6994249CA40400BCE10E /* MoviePlayerUITests.swift */,
				9ADC6996249CA40400BCE10E /* Info.plist */,
			);
			path = MoviePlayerUITests;
			sourceTree = "<group>";
		};
/* End PBXGroup section */

/* Begin PBXNativeTarget section */
		9ADC696E249CA40100BCE10E /* MoviePlayer */ = {
			isa = PBXNativeTarget;
			buildConfigurationList = 9ADC6999249CA40400BCE10E /* Build configuration list for PBXNativeTarget "MoviePlayer" */;
			buildPhases = (
				9ADC696B249CA40100BCE10E /* Sources */,
				9ADC696C249CA40100BCE10E /* Frameworks */,
				9ADC696D249CA40100BCE10E /* Resources */,
			);
			buildRules = (
			);
			dependencies = (
			);
			name = MoviePlayer;
			productName = MoviePlayer;
			productReference = 9ADC696F249CA40100BCE10E /* MoviePlayer.app */;
			productType = "com.apple.product-type.application";
		};
		9ADC6984249CA40400BCE10E /* MoviePlayerTests */ = {
			isa = PBXNativeTarget;
			buildConfigurationList = 9ADC699C249CA40400BCE10E /* Build configuration list for PBXNativeTarget "MoviePlayerTests" */;
			buildPhases = (
				9ADC6981249CA40400BCE10E /* Sources */,
				9ADC6982249CA40400BCE10E /* Frameworks */,
				9ADC6983249CA40400BCE10E /* Resources */,
			);
			buildRules = (
			);
			dependencies = (
				9ADC6987249CA40400BCE10E /* PBXTargetDependency */,
			);
			name = MoviePlayerTests;
			productName = MoviePlayerTests;
			productReference = 9ADC6985249CA40400BCE10E /* MoviePlayerTests.xctest */;
			productType = "com.apple.product-type.bundle.unit-test";
		};
		9ADC698F249CA40400BCE10E /* MoviePlayerUITests */ = {
			isa = PBXNativeTarget;
			buildConfigurationList = 9ADC699F249CA40400BCE10E /* Build configuration list for PBXNativeTarget "MoviePlayerUITests" */;
			buildPhases = (
				9ADC698C249CA40400BCE10E /* Sources */,
				9ADC698D249CA40400BCE10E /* Frameworks */,
				9ADC698E249CA40400BCE10E /* Resources */,
			);
			buildRules = (
			);
			dependencies = (
				9ADC6992249CA40400BCE10E /* PBXTargetDependency */,
			);
			name = MoviePlayerUITests;
			productName = MoviePlayerUITests;
			productReference = 9ADC6990249CA40400BCE10E /* MoviePlayerUITests.xctest */;
			productType = "com.apple.product-type.bundle.ui-testing";
		};
/* End PBXNativeTarget section */

/* Begin PBXProject section */
		9ADC6967249CA40100BCE10E /* Project object */ = {
			isa = PBXProject;
			attributes = {
				LastSwiftUpdateCheck = 1150;
				LastUpgradeCheck = 1200;
				ORGANIZATIONNAME = "宮崎数磨";
				TargetAttributes = {
					9ADC696E249CA40100BCE10E = {
						CreatedOnToolsVersion = 11.5;
					};
					9ADC6984249CA40400BCE10E = {
						CreatedOnToolsVersion = 11.5;
						TestTargetID = 9ADC696E249CA40100BCE10E;
					};
					9ADC698F249CA40400BCE10E = {
						CreatedOnToolsVersion = 11.5;
						TestTargetID = 9ADC696E249CA40100BCE10E;
					};
				};
			};
			buildConfigurationList = 9ADC696A249CA40100BCE10E /* Build configuration list for PBXProject "MoviePlayer" */;
			compatibilityVersion = "Xcode 9.3";
			developmentRegion = en;
			hasScannedForEncodings = 0;
			knownRegions = (
				en,
				Base,
			);
			mainGroup = 9ADC6966249CA40100BCE10E;
			productRefGroup = 9ADC6970249CA40100BCE10E /* Products */;
			projectDirPath = "";
			projectRoot = "";
			targets = (
				9ADC696E249CA40100BCE10E /* MoviePlayer */,
				9ADC6984249CA40400BCE10E /* MoviePlayerTests */,
				9ADC698F249CA40400BCE10E /* MoviePlayerUITests */,
			);
		};
/* End PBXProject section */

/* Begin PBXResourcesBuildPhase section */
		9ADC696D249CA40100BCE10E /* Resources */ = {
			isa = PBXResourcesBuildPhase;
			buildActionMask = 2147483647;
			files = (
				9A42874D252C6E6E003722F1 /* strings.mp3 in Resources */,
				9A65E489251DEF2F00891FD7 /* plane.mp4 in Resources */,
				9ADC697F249CA40400BCE10E /* LaunchScreen.storyboard in Resources */,
				9ADC697C249CA40400BCE10E /* Preview Assets.xcassets in Resources */,
				9ADC6979249CA40400BCE10E /* Assets.xcassets in Resources */,
			);
			runOnlyForDeploymentPostprocessing = 0;
		};
		9ADC6983249CA40400BCE10E /* Resources */ = {
			isa = PBXResourcesBuildPhase;
			buildActionMask = 2147483647;
			files = (
			);
			runOnlyForDeploymentPostprocessing = 0;
		};
		9ADC698E249CA40400BCE10E /* Resources */ = {
			isa = PBXResourcesBuildPhase;
			buildActionMask = 2147483647;
			files = (
			);
			runOnlyForDeploymentPostprocessing = 0;
		};
/* End PBXResourcesBuildPhase section */

/* Begin PBXSourcesBuildPhase section */
		9ADC696B249CA40100BCE10E /* Sources */ = {
			isa = PBXSourcesBuildPhase;
			buildActionMask = 2147483647;
			files = (
				9AF128F4250B70D200AE715A /* Utility.swift in Sources */,
				9ADC6973249CA40100BCE10E /* AppDelegate.swift in Sources */,
				9ADC6975249CA40100BCE10E /* SceneDelegate.swift in Sources */,
				9ADC6977249CA40100BCE10E /* ContentView.swift in Sources */,
				9ADC69A3249CA71600BCE10E /* PlayerView.swift in Sources */,
			);
			runOnlyForDeploymentPostprocessing = 0;
		};
		9ADC6981249CA40400BCE10E /* Sources */ = {
			isa = PBXSourcesBuildPhase;
			buildActionMask = 2147483647;
			files = (
				9ADC698A249CA40400BCE10E /* MoviePlayerTests.swift in Sources */,
			);
			runOnlyForDeploymentPostprocessing = 0;
		};
		9ADC698C249CA40400BCE10E /* Sources */ = {
			isa = PBXSourcesBuildPhase;
			buildActionMask = 2147483647;
			files = (
				9ADC6995249CA40400BCE10E /* MoviePlayerUITests.swift in Sources */,
			);
			runOnlyForDeploymentPostprocessing = 0;
		};
/* End PBXSourcesBuildPhase section */

/* Begin PBXTargetDependency section */
		9ADC6987249CA40400BCE10E /* PBXTargetDependency */ = {
			isa = PBXTargetDependency;
			target = 9ADC696E249CA40100BCE10E /* MoviePlayer */;
			targetProxy = 9ADC6986249CA40400BCE10E /* PBXContainerItemProxy */;
		};
		9ADC6992249CA40400BCE10E /* PBXTargetDependency */ = {
			isa = PBXTargetDependency;
			target = 9ADC696E249CA40100BCE10E /* MoviePlayer */;
			targetProxy = 9ADC6991249CA40400BCE10E /* PBXContainerItemProxy */;
		};
/* End PBXTargetDependency section */

/* Begin PBXVariantGroup section */
		9ADC697D249CA40400BCE10E /* LaunchScreen.storyboard */ = {
			isa = PBXVariantGroup;
			children = (
				9ADC697E249CA40400BCE10E /* Base */,
			);
			name = LaunchScreen.storyboard;
			sourceTree = "<group>";
		};
/* End PBXVariantGroup section */

/* Begin XCBuildConfiguration section */
		9ADC6997249CA40400BCE10E /* Debug */ = {
			isa = XCBuildConfiguration;
			buildSettings = {
				ALWAYS_SEARCH_USER_PATHS = NO;
				CLANG_ANALYZER_NONNULL = YES;
				CLANG_ANALYZER_NUMBER_OBJECT_CONVERSION = YES_AGGRESSIVE;
				CLANG_CXX_LANGUAGE_STANDARD = "gnu++14";
				CLANG_CXX_LIBRARY = "libc++";
				CLANG_ENABLE_MODULES = YES;
				CLANG_ENABLE_OBJC_ARC = YES;
				CLANG_ENABLE_OBJC_WEAK = YES;
				CLANG_WARN_BLOCK_CAPTURE_AUTORELEASING = YES;
				CLANG_WARN_BOOL_CONVERSION = YES;
				CLANG_WARN_COMMA = YES;
				CLANG_WARN_CONSTANT_CONVERSION = YES;
				CLANG_WARN_DEPRECATED_OBJC_IMPLEMENTATIONS = YES;
				CLANG_WARN_DIRECT_OBJC_ISA_USAGE = YES_ERROR;
				CLANG_WARN_DOCUMENTATION_COMMENTS = YES;
				CLANG_WARN_EMPTY_BODY = YES;
				CLANG_WARN_ENUM_CONVERSION = YES;
				CLANG_WARN_INFINITE_RECURSION = YES;
				CLANG_WARN_INT_CONVERSION = YES;
				CLANG_WARN_NON_LITERAL_NULL_CONVERSION = YES;
				CLANG_WARN_OBJC_IMPLICIT_RETAIN_SELF = YES;
				CLANG_WARN_OBJC_LITERAL_CONVERSION = YES;
				CLANG_WARN_OBJC_ROOT_CLASS = YES_ERROR;
				CLANG_WARN_QUOTED_INCLUDE_IN_FRAMEWORK_HEADER = YES;
				CLANG_WARN_RANGE_LOOP_ANALYSIS = YES;
				CLANG_WARN_STRICT_PROTOTYPES = YES;
				CLANG_WARN_SUSPICIOUS_MOVE = YES;
				CLANG_WARN_UNGUARDED_AVAILABILITY = YES_AGGRESSIVE;
				CLANG_WARN_UNREACHABLE_CODE = YES;
				CLANG_WARN__DUPLICATE_METHOD_MATCH = YES;
				COPY_PHASE_STRIP = NO;
				DEBUG_INFORMATION_FORMAT = dwarf;
				ENABLE_STRICT_OBJC_MSGSEND = YES;
				ENABLE_TESTABILITY = YES;
				GCC_C_LANGUAGE_STANDARD = gnu11;
				GCC_DYNAMIC_NO_PIC = NO;
				GCC_NO_COMMON_BLOCKS = YES;
				GCC_OPTIMIZATION_LEVEL = 0;
				GCC_PREPROCESSOR_DEFINITIONS = (
					"DEBUG=1",
					"$(inherited)",
				);
				GCC_WARN_64_TO_32_BIT_CONVERSION = YES;
				GCC_WARN_ABOUT_RETURN_TYPE = YES_ERROR;
				GCC_WARN_UNDECLARED_SELECTOR = YES;
				GCC_WARN_UNINITIALIZED_AUTOS = YES_AGGRESSIVE;
				GCC_WARN_UNUSED_FUNCTION = YES;
				GCC_WARN_UNUSED_VARIABLE = YES;
				IPHONEOS_DEPLOYMENT_TARGET = 13.5;
				MTL_ENABLE_DEBUG_INFO = INCLUDE_SOURCE;
				MTL_FAST_MATH = YES;
				ONLY_ACTIVE_ARCH = YES;
				SDKROOT = iphoneos;
				SWIFT_ACTIVE_COMPILATION_CONDITIONS = DEBUG;
				SWIFT_OPTIMIZATION_LEVEL = "-Onone";
			};
			name = Debug;
		};
		9ADC6998249CA40400BCE10E /* Release */ = {
			isa = XCBuildConfiguration;
			buildSettings = {
				ALWAYS_SEARCH_USER_PATHS = NO;
				CLANG_ANALYZER_NONNULL = YES;
				CLANG_ANALYZER_NUMBER_OBJECT_CONVERSION = YES_AGGRESSIVE;
				CLANG_CXX_LANGUAGE_STANDARD = "gnu++14";
				CLANG_CXX_LIBRARY = "libc++";
				CLANG_ENABLE_MODULES = YES;
				CLANG_ENABLE_OBJC_ARC = YES;
				CLANG_ENABLE_OBJC_WEAK = YES;
				CLANG_WARN_BLOCK_CAPTURE_AUTORELEASING = YES;
				CLANG_WARN_BOOL_CONVERSION = YES;
				CLANG_WARN_COMMA = YES;
				CLANG_WARN_CONSTANT_CONVERSION = YES;
				CLANG_WARN_DEPRECATED_OBJC_IMPLEMENTATIONS = YES;
				CLANG_WARN_DIRECT_OBJC_ISA_USAGE = YES_ERROR;
				CLANG_WARN_DOCUMENTATION_COMMENTS = YES;
				CLANG_WARN_EMPTY_BODY = YES;
				CLANG_WARN_ENUM_CONVERSION = YES;
				CLANG_WARN_INFINITE_RECURSION = YES;
				CLANG_WARN_INT_CONVERSION = YES;
				CLANG_WARN_NON_LITERAL_NULL_CONVERSION = YES;
				CLANG_WARN_OBJC_IMPLICIT_RETAIN_SELF = YES;
				CLANG_WARN_OBJC_LITERAL_CONVERSION = YES;
				CLANG_WARN_OBJC_ROOT_CLASS = YES_ERROR;
				CLANG_WARN_QUOTED_INCLUDE_IN_FRAMEWORK_HEADER = YES;
				CLANG_WARN_RANGE_LOOP_ANALYSIS = YES;
				CLANG_WARN_STRICT_PROTOTYPES = YES;
				CLANG_WARN_SUSPICIOUS_MOVE = YES;
				CLANG_WARN_UNGUARDED_AVAILABILITY = YES_AGGRESSIVE;
				CLANG_WARN_UNREACHABLE_CODE = YES;
				CLANG_WARN__DUPLICATE_METHOD_MATCH = YES;
				COPY_PHASE_STRIP = NO;
				DEBUG_INFORMATION_FORMAT = "dwarf-with-dsym";
				ENABLE_NS_ASSERTIONS = NO;
				ENABLE_STRICT_OBJC_MSGSEND = YES;
				GCC_C_LANGUAGE_STANDARD = gnu11;
				GCC_NO_COMMON_BLOCKS = YES;
				GCC_WARN_64_TO_32_BIT_CONVERSION = YES;
				GCC_WARN_ABOUT_RETURN_TYPE = YES_ERROR;
				GCC_WARN_UNDECLARED_SELECTOR = YES;
				GCC_WARN_UNINITIALIZED_AUTOS = YES_AGGRESSIVE;
				GCC_WARN_UNUSED_FUNCTION = YES;
				GCC_WARN_UNUSED_VARIABLE = YES;
				IPHONEOS_DEPLOYMENT_TARGET = 13.5;
				MTL_ENABLE_DEBUG_INFO = NO;
				MTL_FAST_MATH = YES;
				SDKROOT = iphoneos;
				SWIFT_COMPILATION_MODE = wholemodule;
				SWIFT_OPTIMIZATION_LEVEL = "-O";
				VALIDATE_PRODUCT = YES;
			};
			name = Release;
		};
		9ADC699A249CA40400BCE10E /* Debug */ = {
			isa = XCBuildConfiguration;
			buildSettings = {
				ASSETCATALOG_COMPILER_APPICON_NAME = AppIcon;
				CODE_SIGN_STYLE = Automatic;
				DEVELOPMENT_ASSET_PATHS = "\"MoviePlayer/Preview Content\"";
				DEVELOPMENT_TEAM = HAM5D7VNY5;
				ENABLE_PREVIEWS = YES;
				INFOPLIST_FILE = MoviePlayer/Info.plist;
				LD_RUNPATH_SEARCH_PATHS = (
					"$(inherited)",
					"@executable_path/Frameworks",
				);
				PRODUCT_BUNDLE_IDENTIFIER = miyazaki.MoviePlayer;
				PRODUCT_NAME = "$(TARGET_NAME)";
				SWIFT_VERSION = 5.0;
				TARGETED_DEVICE_FAMILY = "1,2";
			};
			name = Debug;
		};
		9ADC699B249CA40400BCE10E /* Release */ = {
			isa = XCBuildConfiguration;
			buildSettings = {
				ASSETCATALOG_COMPILER_APPICON_NAME = AppIcon;
				CODE_SIGN_STYLE = Automatic;
				DEVELOPMENT_ASSET_PATHS = "\"MoviePlayer/Preview Content\"";
				DEVELOPMENT_TEAM = HAM5D7VNY5;
				ENABLE_PREVIEWS = YES;
				INFOPLIST_FILE = MoviePlayer/Info.plist;
				LD_RUNPATH_SEARCH_PATHS = (
					"$(inherited)",
					"@executable_path/Frameworks",
				);
				PRODUCT_BUNDLE_IDENTIFIER = miyazaki.MoviePlayer;
				PRODUCT_NAME = "$(TARGET_NAME)";
				SWIFT_VERSION = 5.0;
				TARGETED_DEVICE_FAMILY = "1,2";
			};
			name = Release;
		};
		9ADC699D249CA40400BCE10E /* Debug */ = {
			isa = XCBuildConfiguration;
			buildSettings = {
				ALWAYS_EMBED_SWIFT_STANDARD_LIBRARIES = YES;
				BUNDLE_LOADER = "$(TEST_HOST)";
				CODE_SIGN_STYLE = Automatic;
				INFOPLIST_FILE = MoviePlayerTests/Info.plist;
				IPHONEOS_DEPLOYMENT_TARGET = 13.5;
				LD_RUNPATH_SEARCH_PATHS = (
					"$(inherited)",
					"@executable_path/Frameworks",
					"@loader_path/Frameworks",
				);
				PRODUCT_BUNDLE_IDENTIFIER = miyazaki.MoviePlayerTests;
				PRODUCT_NAME = "$(TARGET_NAME)";
				SWIFT_VERSION = 5.0;
				TARGETED_DEVICE_FAMILY = "1,2";
				TEST_HOST = "$(BUILT_PRODUCTS_DIR)/MoviePlayer.app/MoviePlayer";
			};
			name = Debug;
		};
		9ADC699E249CA40400BCE10E /* Release */ = {
			isa = XCBuildConfiguration;
			buildSettings = {
				ALWAYS_EMBED_SWIFT_STANDARD_LIBRARIES = YES;
				BUNDLE_LOADER = "$(TEST_HOST)";
				CODE_SIGN_STYLE = Automatic;
				INFOPLIST_FILE = MoviePlayerTests/Info.plist;
				IPHONEOS_DEPLOYMENT_TARGET = 13.5;
				LD_RUNPATH_SEARCH_PATHS = (
					"$(inherited)",
					"@executable_path/Frameworks",
					"@loader_path/Frameworks",
				);
				PRODUCT_BUNDLE_IDENTIFIER = miyazaki.MoviePlayerTests;
				PRODUCT_NAME = "$(TARGET_NAME)";
				SWIFT_VERSION = 5.0;
				TARGETED_DEVICE_FAMILY = "1,2";
				TEST_HOST = "$(BUILT_PRODUCTS_DIR)/MoviePlayer.app/MoviePlayer";
			};
			name = Release;
		};
		9ADC69A0249CA40400BCE10E /* Debug */ = {
			isa = XCBuildConfiguration;
			buildSettings = {
				ALWAYS_EMBED_SWIFT_STANDARD_LIBRARIES = YES;
				CODE_SIGN_STYLE = Automatic;
				INFOPLIST_FILE = MoviePlayerUITests/Info.plist;
				LD_RUNPATH_SEARCH_PATHS = (
					"$(inherited)",
					"@executable_path/Frameworks",
					"@loader_path/Frameworks",
				);
				PRODUCT_BUNDLE_IDENTIFIER = miyazaki.MoviePlayerUITests;
				PRODUCT_NAME = "$(TARGET_NAME)";
				SWIFT_VERSION = 5.0;
				TARGETED_DEVICE_FAMILY = "1,2";
				TEST_TARGET_NAME = MoviePlayer;
			};
			name = Debug;
		};
		9ADC69A1249CA40400BCE10E /* Release */ = {
			isa = XCBuildConfiguration;
			buildSettings = {
				ALWAYS_EMBED_SWIFT_STANDARD_LIBRARIES = YES;
				CODE_SIGN_STYLE = Automatic;
				INFOPLIST_FILE = MoviePlayerUITests/Info.plist;
				LD_RUNPATH_SEARCH_PATHS = (
					"$(inherited)",
					"@executable_path/Frameworks",
					"@loader_path/Frameworks",
				);
				PRODUCT_BUNDLE_IDENTIFIER = miyazaki.MoviePlayerUITests;
				PRODUCT_NAME = "$(TARGET_NAME)";
				SWIFT_VERSION = 5.0;
				TARGETED_DEVICE_FAMILY = "1,2";
				TEST_TARGET_NAME = MoviePlayer;
			};
			name = Release;
		};
/* End XCBuildConfiguration section */

/* Begin XCConfigurationList section */
		9ADC696A249CA40100BCE10E /* Build configuration list for PBXProject "MoviePlayer" */ = {
			isa = XCConfigurationList;
			buildConfigurations = (
				9ADC6997249CA40400BCE10E /* Debug */,
				9ADC6998249CA40400BCE10E /* Release */,
			);
			defaultConfigurationIsVisible = 0;
			defaultConfigurationName = Release;
		};
		9ADC6999249CA40400BCE10E /* Build configuration list for PBXNativeTarget "MoviePlayer" */ = {
			isa = XCConfigurationList;
			buildConfigurations = (
				9ADC699A249CA40400BCE10E /* Debug */,
				9ADC699B249CA40400BCE10E /* Release */,
			);
			defaultConfigurationIsVisible = 0;
			defaultConfigurationName = Release;
		};
		9ADC699C249CA40400BCE10E /* Build configuration list for PBXNativeTarget "MoviePlayerTests" */ = {
			isa = XCConfigurationList;
			buildConfigurations = (
				9ADC699D249CA40400BCE10E /* Debug */,
				9ADC699E249CA40400BCE10E /* Release */,
			);
			defaultConfigurationIsVisible = 0;
			defaultConfigurationName = Release;
		};
		9ADC699F249CA40400BCE10E /* Build configuration list for PBXNativeTarget "MoviePlayerUITests" */ = {
			isa = XCConfigurationList;
			buildConfigurations = (
				9ADC69A0249CA40400BCE10E /* Debug */,
				9ADC69A1249CA40400BCE10E /* Release */,
			);
			defaultConfigurationIsVisible = 0;
			defaultConfigurationName = Release;
		};
/* End XCConfigurationList section */
	};
	rootObject = 9ADC6967249CA40100BCE10E /* Project object */;
}
